
Microsoft Visual Studio Solution File, Format Version 12.00
# Visual Studio Version 17
VisualStudioVersion = 17.3.32825.248
MinimumVisualStudioVersion = 10.0.40219.1
Project("{FAE04EC0-301F-11D3-BF4B-00C04F79EFBC}") = "BowlingGame", "BowlingGame\BowlingGame.csproj", "{01916D9E-6C59-4517-8AFC-96869E9495DB}"
EndProject
Project("{FAE04EC0-301F-11D3-BF4B-00C04F79EFBC}") = "BowlingGame.Tests", "BowlingGame.Tests\BowlingGame.Tests.csproj", "{D4835AD5-75F3-4F94-B366-FA170CB53119}"
EndProject
Global
	GlobalSection(SolutionConfigurationPlatforms) = preSolution
		Debug|Any CPU = Debug|Any CPU
		Release|Any CPU = Release|Any CPU
	EndGlobalSection
	GlobalSection(ProjectConfigurationPlatforms) = postSolution
		{01916D9E-6C59-4517-8AFC-96869E9495DB}.Debug|Any CPU.ActiveCfg = Debug|Any CPU
		{01916D9E-6C59-4517-8AFC-96869E9495DB}.Debug|Any CPU.Build.0 = Debug|Any CPU
		{01916D9E-6C59-4517-8AFC-96869E9495DB}.Release|Any CPU.ActiveCfg = Release|Any CPU
		{01916D9E-6C59-4517-8AFC-96869E9495DB}.Release|Any CPU.Build.0 = Release|Any CPU
		{D4835AD5-75F3-4F94-B366-FA170CB53119}.Debug|Any CPU.ActiveCfg = Debug|Any CPU
		{D4835AD5-75F3-4F94-B366-FA170CB53119}.Debug|Any CPU.Build.0 = Debug|Any CPU
		{D4835AD5-75F3-4F94-B366-FA170CB53119}.Release|Any CPU.ActiveCfg = Release|Any CPU
		{D4835AD5-75F3-4F94-B366-FA170CB53119}.Release|Any CPU.Build.0 = Release|Any CPU
	EndGlobalSection
	GlobalSection(SolutionProperties) = preSolution
		HideSolutionNode = FALSE
	EndGlobalSection
	GlobalSection(ExtensibilityGlobals) = postSolution
		SolutionGuid = {5A6F858C-76EE-4F5F-B173-83B8C29D8AC6}
	EndGlobalSection
EndGlobal
