
Microsoft Visual Studio Solution File, Format Version 12.00
# Visual Studio Version 17
VisualStudioVersion = 17.3.32901.215
MinimumVisualStudioVersion = 10.0.40219.1
Project("{9A19103F-16F7-4668-BE54-9A1E7A4F7556}") = "LINQ.NET6.NET7", "Performance\LINQ.NET6.NET7\LINQ.NET6.NET7.csproj", "{949F33E3-6321-435D-9F2C-2D63087F17BC}"
EndProject
Project("{2150E333-8FDC-42A3-9474-1A3956D46DE8}") = "Solution Files", "Solution Files", "{57CD27ED-E07D-4121-865F-335D5E0431EE}"
	ProjectSection(SolutionItems) = preProject
		.gitignore = .gitignore
	EndProjectSection
EndProject
Project("{FAE04EC0-301F-11D3-BF4B-00C04F79EFBC}") = "ListAccess", "Performance\ListAccess\ListAccess.csproj", "{782DA1B6-614A-4EAC-B9AB-E7560854C014}"
EndProject
Global
	GlobalSection(SolutionConfigurationPlatforms) = preSolution
		Debug|Any CPU = Debug|Any CPU
		Release|Any CPU = Release|Any CPU
	EndGlobalSection
	GlobalSection(ProjectConfigurationPlatforms) = postSolution
		{949F33E3-6321-435D-9F2C-2D63087F17BC}.Debug|Any CPU.ActiveCfg = Debug|Any CPU
		{949F33E3-6321-435D-9F2C-2D63087F17BC}.Debug|Any CPU.Build.0 = Debug|Any CPU
		{949F33E3-6321-435D-9F2C-2D63087F17BC}.Release|Any CPU.ActiveCfg = Release|Any CPU
		{949F33E3-6321-435D-9F2C-2D63087F17BC}.Release|Any CPU.Build.0 = Release|Any CPU
		{782DA1B6-614A-4EAC-B9AB-E7560854C014}.Debug|Any CPU.ActiveCfg = Debug|Any CPU
		{782DA1B6-614A-4EAC-B9AB-E7560854C014}.Debug|Any CPU.Build.0 = Debug|Any CPU
		{782DA1B6-614A-4EAC-B9AB-E7560854C014}.Release|Any CPU.ActiveCfg = Release|Any CPU
		{782DA1B6-614A-4EAC-B9AB-E7560854C014}.Release|Any CPU.Build.0 = Release|Any CPU
	EndGlobalSection
	GlobalSection(SolutionProperties) = preSolution
		HideSolutionNode = FALSE
	EndGlobalSection
	GlobalSection(ExtensibilityGlobals) = postSolution
		SolutionGuid = {CFA8330D-4DE0-4162-994C-17C76C4E77DF}
	EndGlobalSection
EndGlobal
